
Microsoft Visual Studio Solution File, Format Version 12.00
# Visual Studio Version 16
VisualStudioVersion = 16.0.31410.357
MinimumVisualStudioVersion = 10.0.40219.1
Project("{9A19103F-16F7-4668-BE54-9A1E7A4F7556}") = "BL", "BL\BL.csproj", "{7BA72B39-DBE2-43CD-B73A-292A71E058F1}"
EndProject
Project("{9A19103F-16F7-4668-BE54-9A1E7A4F7556}") = "BLTests", "BLTests\BLTests.csproj", "{BFF19111-9956-4CAC-9250-224AA1F07B8E}"
EndProject
Project("{FAE04EC0-301F-11D3-BF4B-00C04F79EFBC}") = "FitnessView", "FitnessView\FitnessView.csproj", "{000C60E4-D4B1-40D7-BC18-72FFE2A4FFFA}"
	ProjectSection(ProjectDependencies) = postProject
		{7BA72B39-DBE2-43CD-B73A-292A71E058F1} = {7BA72B39-DBE2-43CD-B73A-292A71E058F1}
	EndProjectSection
EndProject
Global
	GlobalSection(SolutionConfigurationPlatforms) = preSolution
		Debug|Any CPU = Debug|Any CPU
		Release|Any CPU = Release|Any CPU
	EndGlobalSection
	GlobalSection(ProjectConfigurationPlatforms) = postSolution
		{7BA72B39-DBE2-43CD-B73A-292A71E058F1}.Debug|Any CPU.ActiveCfg = Debug|Any CPU
		{7BA72B39-DBE2-43CD-B73A-292A71E058F1}.Debug|Any CPU.Build.0 = Debug|Any CPU
		{7BA72B39-DBE2-43CD-B73A-292A71E058F1}.Release|Any CPU.ActiveCfg = Release|Any CPU
		{7BA72B39-DBE2-43CD-B73A-292A71E058F1}.Release|Any CPU.Build.0 = Release|Any CPU
		{BFF19111-9956-4CAC-9250-224AA1F07B8E}.Debug|Any CPU.ActiveCfg = Debug|Any CPU
		{BFF19111-9956-4CAC-9250-224AA1F07B8E}.Debug|Any CPU.Build.0 = Debug|Any CPU
		{BFF19111-9956-4CAC-9250-224AA1F07B8E}.Release|Any CPU.ActiveCfg = Release|Any CPU
		{BFF19111-9956-4CAC-9250-224AA1F07B8E}.Release|Any CPU.Build.0 = Release|Any CPU
		{000C60E4-D4B1-40D7-BC18-72FFE2A4FFFA}.Debug|Any CPU.ActiveCfg = Debug|Any CPU
		{000C60E4-D4B1-40D7-BC18-72FFE2A4FFFA}.Debug|Any CPU.Build.0 = Debug|Any CPU
		{000C60E4-D4B1-40D7-BC18-72FFE2A4FFFA}.Release|Any CPU.ActiveCfg = Release|Any CPU
		{000C60E4-D4B1-40D7-BC18-72FFE2A4FFFA}.Release|Any CPU.Build.0 = Release|Any CPU
	EndGlobalSection
	GlobalSection(SolutionProperties) = preSolution
		HideSolutionNode = FALSE
	EndGlobalSection
	GlobalSection(ExtensibilityGlobals) = postSolution
		SolutionGuid = {25D1DE8A-B47E-42A8-9306-F29FC57D58C8}
	EndGlobalSection
EndGlobal
